// !$*UTF8*$!
{
	archiveVersion = 1;
	classes = {
	};
	objectVersion = 50;
	objects = {

/* Begin PBXBuildFile section */
		68151CD42329BA78003EAFE6 /* AppDelegate.swift in Sources */ = {isa = PBXBuildFile; fileRef = 68151CD32329BA78003EAFE6 /* AppDelegate.swift */; };
		68151CD62329BA78003EAFE6 /* ViewController.swift in Sources */ = {isa = PBXBuildFile; fileRef = 68151CD52329BA78003EAFE6 /* ViewController.swift */; };
		68151CD92329BA78003EAFE6 /* Main.storyboard in Resources */ = {isa = PBXBuildFile; fileRef = 68151CD72329BA78003EAFE6 /* Main.storyboard */; };
		68151CDC2329BA78003EAFE6 /* Person_UI.xcdatamodeld in Sources */ = {isa = PBXBuildFile; fileRef = 68151CDA2329BA78003EAFE6 /* Person_UI.xcdatamodeld */; };
		68151CDE2329BA7C003EAFE6 /* Assets.xcassets in Resources */ = {isa = PBXBuildFile; fileRef = 68151CDD2329BA7C003EAFE6 /* Assets.xcassets */; };
		68151CE12329BA7C003EAFE6 /* LaunchScreen.storyboard in Resources */ = {isa = PBXBuildFile; fileRef = 68151CDF2329BA7C003EAFE6 /* LaunchScreen.storyboard */; };
		68151CEC2329BA7C003EAFE6 /* Person_UIUITests.swift in Sources */ = {isa = PBXBuildFile; fileRef = 68151CEB2329BA7C003EAFE6 /* Person_UIUITests.swift */; };
/* End PBXBuildFile section */

/* Begin PBXContainerItemProxy section */
		68151CE82329BA7C003EAFE6 /* PBXContainerItemProxy */ = {
			isa = PBXContainerItemProxy;
			containerPortal = 68151CC82329BA78003EAFE6 /* Project object */;
			proxyType = 1;
			remoteGlobalIDString = 68151CCF2329BA78003EAFE6;
			remoteInfo = "Person UI";
		};
/* End PBXContainerItemProxy section */

/* Begin PBXFileReference section */
		68151CD02329BA78003EAFE6 /* Person UI.app */ = {isa = PBXFileReference; explicitFileType = wrapper.application; includeInIndex = 0; path = "Person UI.app"; sourceTree = BUILT_PRODUCTS_DIR; };
		68151CD32329BA78003EAFE6 /* AppDelegate.swift */ = {isa = PBXFileReference; lastKnownFileType = sourcecode.swift; path = AppDelegate.swift; sourceTree = "<group>"; };
		68151CD52329BA78003EAFE6 /* ViewController.swift */ = {isa = PBXFileReference; lastKnownFileType = sourcecode.swift; path = ViewController.swift; sourceTree = "<group>"; };
		68151CD82329BA78003EAFE6 /* Base */ = {isa = PBXFileReference; lastKnownFileType = file.storyboard; name = Base; path = Base.lproj/Main.storyboard; sourceTree = "<group>"; };
		68151CDB2329BA78003EAFE6 /* Person_UI.xcdatamodel */ = {isa = PBXFileReference; lastKnownFileType = wrapper.xcdatamodel; path = Person_UI.xcdatamodel; sourceTree = "<group>"; };
		68151CDD2329BA7C003EAFE6 /* Assets.xcassets */ = {isa = PBXFileReference; lastKnownFileType = folder.assetcatalog; path = Assets.xcassets; sourceTree = "<group>"; };
		68151CE02329BA7C003EAFE6 /* Base */ = {isa = PBXFileReference; lastKnownFileType = file.storyboard; name = Base; path = Base.lproj/LaunchScreen.storyboard; sourceTree = "<group>"; };
		68151CE22329BA7C003EAFE6 /* Info.plist */ = {isa = PBXFileReference; lastKnownFileType = text.plist.xml; path = Info.plist; sourceTree = "<group>"; };
		68151CE72329BA7C003EAFE6 /* Person UIUITests.xctest */ = {isa = PBXFileReference; explicitFileType = wrapper.cfbundle; includeInIndex = 0; path = "Person UIUITests.xctest"; sourceTree = BUILT_PRODUCTS_DIR; };
		68151CEB2329BA7C003EAFE6 /* Person_UIUITests.swift */ = {isa = PBXFileReference; lastKnownFileType = sourcecode.swift; path = Person_UIUITests.swift; sourceTree = "<group>"; };
		68151CED2329BA7C003EAFE6 /* Info.plist */ = {isa = PBXFileReference; lastKnownFileType = text.plist.xml; path = Info.plist; sourceTree = "<group>"; };
/* End PBXFileReference section */

/* Begin PBXFrameworksBuildPhase section */
		68151CCD2329BA78003EAFE6 /* Frameworks */ = {
			isa = PBXFrameworksBuildPhase;
			buildActionMask = 2147483647;
			files = (
			);
			runOnlyForDeploymentPostprocessing = 0;
		};
		68151CE42329BA7C003EAFE6 /* Frameworks */ = {
			isa = PBXFrameworksBuildPhase;
			buildActionMask = 2147483647;
			files = (
			);
			runOnlyForDeploymentPostprocessing = 0;
		};
/* End PBXFrameworksBuildPhase section */

/* Begin PBXGroup section */
		68151CC72329BA78003EAFE6 = {
			isa = PBXGroup;
			children = (
				68151CD22329BA78003EAFE6 /* Person UI */,
				68151CEA2329BA7C003EAFE6 /* Person UIUITests */,
				68151CD12329BA78003EAFE6 /* Products */,
			);
			sourceTree = "<group>";
		};
		68151CD12329BA78003EAFE6 /* Products */ = {
			isa = PBXGroup;
			children = (
				68151CD02329BA78003EAFE6 /* Person UI.app */,
				68151CE72329BA7C003EAFE6 /* Person UIUITests.xctest */,
			);
			name = Products;
			sourceTree = "<group>";
		};
		68151CD22329BA78003EAFE6 /* Person UI */ = {
			isa = PBXGroup;
			children = (
				68151CD32329BA78003EAFE6 /* AppDelegate.swift */,
				68151CD52329BA78003EAFE6 /* ViewController.swift */,
				68151CD72329BA78003EAFE6 /* Main.storyboard */,
				68151CDD2329BA7C003EAFE6 /* Assets.xcassets */,
				68151CDF2329BA7C003EAFE6 /* LaunchScreen.storyboard */,
				68151CE22329BA7C003EAFE6 /* Info.plist */,
				68151CDA2329BA78003EAFE6 /* Person_UI.xcdatamodeld */,
			);
			path = "Person UI";
			sourceTree = "<group>";
		};
		68151CEA2329BA7C003EAFE6 /* Person UIUITests */ = {
			isa = PBXGroup;
			children = (
				68151CEB2329BA7C003EAFE6 /* Person_UIUITests.swift */,
				68151CED2329BA7C003EAFE6 /* Info.plist */,
			);
			path = "Person UIUITests";
			sourceTree = "<group>";
		};
/* End PBXGroup section */

/* Begin PBXNativeTarget section */
		68151CCF2329BA78003EAFE6 /* Person UI */ = {
			isa = PBXNativeTarget;
			buildConfigurationList = 68151CF02329BA7C003EAFE6 /* Build configuration list for PBXNativeTarget "Person UI" */;
			buildPhases = (
				68151CCC2329BA78003EAFE6 /* Sources */,
				68151CCD2329BA78003EAFE6 /* Frameworks */,
				68151CCE2329BA78003EAFE6 /* Resources */,
			);
			buildRules = (
			);
			dependencies = (
			);
			name = "Person UI";
			productName = "Person UI";
			productReference = 68151CD02329BA78003EAFE6 /* Person UI.app */;
			productType = "com.apple.product-type.application";
		};
		68151CE62329BA7C003EAFE6 /* Person UIUITests */ = {
			isa = PBXNativeTarget;
			buildConfigurationList = 68151CF32329BA7C003EAFE6 /* Build configuration list for PBXNativeTarget "Person UIUITests" */;
			buildPhases = (
				68151CE32329BA7C003EAFE6 /* Sources */,
				68151CE42329BA7C003EAFE6 /* Frameworks */,
				68151CE52329BA7C003EAFE6 /* Resources */,
			);
			buildRules = (
			);
			dependencies = (
				68151CE92329BA7C003EAFE6 /* PBXTargetDependency */,
			);
			name = "Person UIUITests";
			productName = "Person UIUITests";
			productReference = 68151CE72329BA7C003EAFE6 /* Person UIUITests.xctest */;
			productType = "com.apple.product-type.bundle.ui-testing";
		};
/* End PBXNativeTarget section */

/* Begin PBXProject section */
		68151CC82329BA78003EAFE6 /* Project object */ = {
			isa = PBXProject;
			attributes = {
				LastSwiftUpdateCheck = 1030;
				LastUpgradeCheck = 1030;
				ORGANIZATIONNAME = "Elita Nelson";
				TargetAttributes = {
					68151CCF2329BA78003EAFE6 = {
						CreatedOnToolsVersion = 10.3;
					};
					68151CE62329BA7C003EAFE6 = {
						CreatedOnToolsVersion = 10.3;
						TestTargetID = 68151CCF2329BA78003EAFE6;
					};
				};
			};
			buildConfigurationList = 68151CCB2329BA78003EAFE6 /* Build configuration list for PBXProject "Person UI" */;
			compatibilityVersion = "Xcode 9.3";
			developmentRegion = en;
			hasScannedForEncodings = 0;
			knownRegions = (
				en,
				Base,
			);
			mainGroup = 68151CC72329BA78003EAFE6;
			productRefGroup = 68151CD12329BA78003EAFE6 /* Products */;
			projectDirPath = "";
			projectRoot = "";
			targets = (
				68151CCF2329BA78003EAFE6 /* Person UI */,
				68151CE62329BA7C003EAFE6 /* Person UIUITests */,
			);
		};
/* End PBXProject section */

/* Begin PBXResourcesBuildPhase section */
		68151CCE2329BA78003EAFE6 /* Resources */ = {
			isa = PBXResourcesBuildPhase;
			buildActionMask = 2147483647;
			files = (
				68151CE12329BA7C003EAFE6 /* LaunchScreen.storyboard in Resources */,
				68151CDE2329BA7C003EAFE6 /* Assets.xcassets in Resources */,
				68151CD92329BA78003EAFE6 /* Main.storyboard in Resources */,
			);
			runOnlyForDeploymentPostprocessing = 0;
		};
		68151CE52329BA7C003EAFE6 /* Resources */ = {
			isa = PBXResourcesBuildPhase;
			buildActionMask = 2147483647;
			files = (
			);
			runOnlyForDeploymentPostprocessing = 0;
		};
/* End PBXResourcesBuildPhase section */

/* Begin PBXSourcesBuildPhase section */
		68151CCC2329BA78003EAFE6 /* Sources */ = {
			isa = PBXSourcesBuildPhase;
			buildActionMask = 2147483647;
			files = (
				68151CDC2329BA78003EAFE6 /* Person_UI.xcdatamodeld in Sources */,
				68151CD62329BA78003EAFE6 /* ViewController.swift in Sources */,
				68151CD42329BA78003EAFE6 /* AppDelegate.swift in Sources */,
			);
			runOnlyForDeploymentPostprocessing = 0;
		};
		68151CE32329BA7C003EAFE6 /* Sources */ = {
			isa = PBXSourcesBuildPhase;
			buildActionMask = 2147483647;
			files = (
				68151CEC2329BA7C003EAFE6 /* Person_UIUITests.swift in Sources */,
			);
			runOnlyForDeploymentPostprocessing = 0;
		};
/* End PBXSourcesBuildPhase section */

/* Begin PBXTargetDependency section */
		68151CE92329BA7C003EAFE6 /* PBXTargetDependency */ = {
			isa = PBXTargetDependency;
			target = 68151CCF2329BA78003EAFE6 /* Person UI */;
			targetProxy = 68151CE82329BA7C003EAFE6 /* PBXContainerItemProxy */;
		};
/* End PBXTargetDependency section */

/* Begin PBXVariantGroup section */
		68151CD72329BA78003EAFE6 /* Main.storyboard */ = {
			isa = PBXVariantGroup;
			children = (
				68151CD82329BA78003EAFE6 /* Base */,
			);
			name = Main.storyboard;
			sourceTree = "<group>";
		};
		68151CDF2329BA7C003EAFE6 /* LaunchScreen.storyboard */ = {
			isa = PBXVariantGroup;
			children = (
				68151CE02329BA7C003EAFE6 /* Base */,
			);
			name = LaunchScreen.storyboard;
			sourceTree = "<group>";
		};
/* End PBXVariantGroup section */

/* Begin XCBuildConfiguration section */
		68151CEE2329BA7C003EAFE6 /* Debug */ = {
			isa = XCBuildConfiguration;
			buildSettings = {
				ALWAYS_SEARCH_USER_PATHS = NO;
				CLANG_ANALYZER_NONNULL = YES;
				CLANG_ANALYZER_NUMBER_OBJECT_CONVERSION = YES_AGGRESSIVE;
				CLANG_CXX_LANGUAGE_STANDARD = "gnu++14";
				CLANG_CXX_LIBRARY = "libc++";
				CLANG_ENABLE_MODULES = YES;
				CLANG_ENABLE_OBJC_ARC = YES;
				CLANG_ENABLE_OBJC_WEAK = YES;
				CLANG_WARN_BLOCK_CAPTURE_AUTORELEASING = YES;
				CLANG_WARN_BOOL_CONVERSION = YES;
				CLANG_WARN_COMMA = YES;
				CLANG_WARN_CONSTANT_CONVERSION = YES;
				CLANG_WARN_DEPRECATED_OBJC_IMPLEMENTATIONS = YES;
				CLANG_WARN_DIRECT_OBJC_ISA_USAGE = YES_ERROR;
				CLANG_WARN_DOCUMENTATION_COMMENTS = YES;
				CLANG_WARN_EMPTY_BODY = YES;
				CLANG_WARN_ENUM_CONVERSION = YES;
				CLANG_WARN_INFINITE_RECURSION = YES;
				CLANG_WARN_INT_CONVERSION = YES;
				CLANG_WARN_NON_LITERAL_NULL_CONVERSION = YES;
				CLANG_WARN_OBJC_IMPLICIT_RETAIN_SELF = YES;
				CLANG_WARN_OBJC_LITERAL_CONVERSION = YES;
				CLANG_WARN_OBJC_ROOT_CLASS = YES_ERROR;
				CLANG_WARN_RANGE_LOOP_ANALYSIS = YES;
				CLANG_WARN_STRICT_PROTOTYPES = YES;
				CLANG_WARN_SUSPICIOUS_MOVE = YES;
				CLANG_WARN_UNGUARDED_AVAILABILITY = YES_AGGRESSIVE;
				CLANG_WARN_UNREACHABLE_CODE = YES;
				CLANG_WARN__DUPLICATE_METHOD_MATCH = YES;
				CODE_SIGN_IDENTITY = "iPhone Developer";
				COPY_PHASE_STRIP = NO;
				DEBUG_INFORMATION_FORMAT = dwarf;
				ENABLE_STRICT_OBJC_MSGSEND = YES;
				ENABLE_TESTABILITY = YES;
				GCC_C_LANGUAGE_STANDARD = gnu11;
				GCC_DYNAMIC_NO_PIC = NO;
				GCC_NO_COMMON_BLOCKS = YES;
				GCC_OPTIMIZATION_LEVEL = 0;
				GCC_PREPROCESSOR_DEFINITIONS = (
					"DEBUG=1",
					"$(inherited)",
				);
				GCC_WARN_64_TO_32_BIT_CONVERSION = YES;
				GCC_WARN_ABOUT_RETURN_TYPE = YES_ERROR;
				GCC_WARN_UNDECLARED_SELECTOR = YES;
				GCC_WARN_UNINITIALIZED_AUTOS = YES_AGGRESSIVE;
				GCC_WARN_UNUSED_FUNCTION = YES;
				GCC_WARN_UNUSED_VARIABLE = YES;
				IPHONEOS_DEPLOYMENT_TARGET = 12.4;
				MTL_ENABLE_DEBUG_INFO = INCLUDE_SOURCE;
				MTL_FAST_MATH = YES;
				ONLY_ACTIVE_ARCH = YES;
				SDKROOT = iphoneos;
				SWIFT_ACTIVE_COMPILATION_CONDITIONS = DEBUG;
				SWIFT_OPTIMIZATION_LEVEL = "-Onone";
			};
			name = Debug;
		};
		68151CEF2329BA7C003EAFE6 /* Release */ = {
			isa = XCBuildConfiguration;
			buildSettings = {
				ALWAYS_SEARCH_USER_PATHS = NO;
				CLANG_ANALYZER_NONNULL = YES;
				CLANG_ANALYZER_NUMBER_OBJECT_CONVERSION = YES_AGGRESSIVE;
				CLANG_CXX_LANGUAGE_STANDARD = "gnu++14";
				CLANG_CXX_LIBRARY = "libc++";
				CLANG_ENABLE_MODULES = YES;
				CLANG_ENABLE_OBJC_ARC = YES;
				CLANG_ENABLE_OBJC_WEAK = YES;
				CLANG_WARN_BLOCK_CAPTURE_AUTORELEASING = YES;
				CLANG_WARN_BOOL_CONVERSION = YES;
				CLANG_WARN_COMMA = YES;
				CLANG_WARN_CONSTANT_CONVERSION = YES;
				CLANG_WARN_DEPRECATED_OBJC_IMPLEMENTATIONS = YES;
				CLANG_WARN_DIRECT_OBJC_ISA_USAGE = YES_ERROR;
				CLANG_WARN_DOCUMENTATION_COMMENTS = YES;
				CLANG_WARN_EMPTY_BODY = YES;
				CLANG_WARN_ENUM_CONVERSION = YES;
				CLANG_WARN_INFINITE_RECURSION = YES;
				CLANG_WARN_INT_CONVERSION = YES;
				CLANG_WARN_NON_LITERAL_NULL_CONVERSION = YES;
				CLANG_WARN_OBJC_IMPLICIT_RETAIN_SELF = YES;
				CLANG_WARN_OBJC_LITERAL_CONVERSION = YES;
				CLANG_WARN_OBJC_ROOT_CLASS = YES_ERROR;
				CLANG_WARN_RANGE_LOOP_ANALYSIS = YES;
				CLANG_WARN_STRICT_PROTOTYPES = YES;
				CLANG_WARN_SUSPICIOUS_MOVE = YES;
				CLANG_WARN_UNGUARDED_AVAILABILITY = YES_AGGRESSIVE;
				CLANG_WARN_UNREACHABLE_CODE = YES;
				CLANG_WARN__DUPLICATE_METHOD_MATCH = YES;
				CODE_SIGN_IDENTITY = "iPhone Developer";
				COPY_PHASE_STRIP = NO;
				DEBUG_INFORMATION_FORMAT = "dwarf-with-dsym";
				ENABLE_NS_ASSERTIONS = NO;
				ENABLE_STRICT_OBJC_MSGSEND = YES;
				GCC_C_LANGUAGE_STANDARD = gnu11;
				GCC_NO_COMMON_BLOCKS = YES;
				GCC_WARN_64_TO_32_BIT_CONVERSION = YES;
				GCC_WARN_ABOUT_RETURN_TYPE = YES_ERROR;
				GCC_WARN_UNDECLARED_SELECTOR = YES;
				GCC_WARN_UNINITIALIZED_AUTOS = YES_AGGRESSIVE;
				GCC_WARN_UNUSED_FUNCTION = YES;
				GCC_WARN_UNUSED_VARIABLE = YES;
				IPHONEOS_DEPLOYMENT_TARGET = 12.4;
				MTL_ENABLE_DEBUG_INFO = NO;
				MTL_FAST_MATH = YES;
				SDKROOT = iphoneos;
				SWIFT_COMPILATION_MODE = wholemodule;
				SWIFT_OPTIMIZATION_LEVEL = "-O";
				VALIDATE_PRODUCT = YES;
			};
			name = Release;
		};
		68151CF12329BA7C003EAFE6 /* Debug */ = {
			isa = XCBuildConfiguration;
			buildSettings = {
				ASSETCATALOG_COMPILER_APPICON_NAME = AppIcon;
				CODE_SIGN_STYLE = Automatic;
				DEVELOPMENT_TEAM = GJ3PJ8T59B;
				INFOPLIST_FILE = "Person UI/Info.plist";
				LD_RUNPATH_SEARCH_PATHS = (
					"$(inherited)",
					"@executable_path/Frameworks",
				);
				PRODUCT_BUNDLE_IDENTIFIER = "edu.misssouri.ElitaNelson.Person-UI";
				PRODUCT_NAME = "$(TARGET_NAME)";
				SWIFT_VERSION = 5.0;
				TARGETED_DEVICE_FAMILY = "1,2";
			};
			name = Debug;
		};
		68151CF22329BA7C003EAFE6 /* Release */ = {
			isa = XCBuildConfiguration;
			buildSettings = {
				ASSETCATALOG_COMPILER_APPICON_NAME = AppIcon;
				CODE_SIGN_STYLE = Automatic;
				DEVELOPMENT_TEAM = GJ3PJ8T59B;
				INFOPLIST_FILE = "Person UI/Info.plist";
				LD_RUNPATH_SEARCH_PATHS = (
					"$(inherited)",
					"@executable_path/Frameworks",
				);
				PRODUCT_BUNDLE_IDENTIFIER = "edu.misssouri.ElitaNelson.Person-UI";
				PRODUCT_NAME = "$(TARGET_NAME)";
				SWIFT_VERSION = 5.0;
				TARGETED_DEVICE_FAMILY = "1,2";
			};
			name = Release;
		};
		68151CF42329BA7C003EAFE6 /* Debug */ = {
			isa = XCBuildConfiguration;
			buildSettings = {
				ALWAYS_EMBED_SWIFT_STANDARD_LIBRARIES = YES;
				CODE_SIGN_STYLE = Automatic;
				DEVELOPMENT_TEAM = GJ3PJ8T59B;
				INFOPLIST_FILE = "Person UIUITests/Info.plist";
				LD_RUNPATH_SEARCH_PATHS = (
					"$(inherited)",
					"@executable_path/Frameworks",
					"@loader_path/Frameworks",
				);
				PRODUCT_BUNDLE_IDENTIFIER = "edu.misssouri.ElitaNelson.Person-UIUITests";
				PRODUCT_NAME = "$(TARGET_NAME)";
				SWIFT_VERSION = 5.0;
				TARGETED_DEVICE_FAMILY = "1,2";
				TEST_TARGET_NAME = "Person UI";
			};
			name = Debug;
		};
		68151CF52329BA7C003EAFE6 /* Release */ = {
			isa = XCBuildConfiguration;
			buildSettings = {
				ALWAYS_EMBED_SWIFT_STANDARD_LIBRARIES = YES;
				CODE_SIGN_STYLE = Automatic;
				DEVELOPMENT_TEAM = GJ3PJ8T59B;
				INFOPLIST_FILE = "Person UIUITests/Info.plist";
				LD_RUNPATH_SEARCH_PATHS = (
					"$(inherited)",
					"@executable_path/Frameworks",
					"@loader_path/Frameworks",
				);
				PRODUCT_BUNDLE_IDENTIFIER = "edu.misssouri.ElitaNelson.Person-UIUITests";
				PRODUCT_NAME = "$(TARGET_NAME)";
				SWIFT_VERSION = 5.0;
				TARGETED_DEVICE_FAMILY = "1,2";
				TEST_TARGET_NAME = "Person UI";
			};
			name = Release;
		};
/* End XCBuildConfiguration section */

/* Begin XCConfigurationList section */
		68151CCB2329BA78003EAFE6 /* Build configuration list for PBXProject "Person UI" */ = {
			isa = XCConfigurationList;
			buildConfigurations = (
				68151CEE2329BA7C003EAFE6 /* Debug */,
				68151CEF2329BA7C003EAFE6 /* Release */,
			);
			defaultConfigurationIsVisible = 0;
			defaultConfigurationName = Release;
		};
		68151CF02329BA7C003EAFE6 /* Build configuration list for PBXNativeTarget "Person UI" */ = {
			isa = XCConfigurationList;
			buildConfigurations = (
				68151CF12329BA7C003EAFE6 /* Debug */,
				68151CF22329BA7C003EAFE6 /* Release */,
			);
			defaultConfigurationIsVisible = 0;
			defaultConfigurationName = Release;
		};
		68151CF32329BA7C003EAFE6 /* Build configuration list for PBXNativeTarget "Person UIUITests" */ = {
			isa = XCConfigurationList;
			buildConfigurations = (
				68151CF42329BA7C003EAFE6 /* Debug */,
				68151CF52329BA7C003EAFE6 /* Release */,
			);
			defaultConfigurationIsVisible = 0;
			defaultConfigurationName = Release;
		};
/* End XCConfigurationList section */

/* Begin XCVersionGroup section */
		68151CDA2329BA78003EAFE6 /* Person_UI.xcdatamodeld */ = {
			isa = XCVersionGroup;
			children = (
				68151CDB2329BA78003EAFE6 /* Person_UI.xcdatamodel */,
			);
			currentVersion = 68151CDB2329BA78003EAFE6 /* Person_UI.xcdatamodel */;
			path = Person_UI.xcdatamodeld;
			sourceTree = "<group>";
			versionGroupType = wrapper.xcdatamodel;
		};
/* End XCVersionGroup section */
	};
	rootObject = 68151CC82329BA78003EAFE6 /* Project object */;
}
